// !$*UTF8*$!
{
	archiveVersion = 1;
	classes = {
	};
	objectVersion = 55;
	objects = {

/* Begin PBXBuildFile section */
		BD51C3982864F82D00EDFBB1 /* AppDelegate.swift in Sources */ = {isa = PBXBuildFile; fileRef = BD51C3972864F82D00EDFBB1 /* AppDelegate.swift */; };
		BD51C39A2864F82D00EDFBB1 /* SceneDelegate.swift in Sources */ = {isa = PBXBuildFile; fileRef = BD51C3992864F82D00EDFBB1 /* SceneDelegate.swift */; };
		BD51C39C2864F82D00EDFBB1 /* ViewController.swift in Sources */ = {isa = PBXBuildFile; fileRef = BD51C39B2864F82D00EDFBB1 /* ViewController.swift */; };
		BD51C39F2864F82D00EDFBB1 /* Main.storyboard in Resources */ = {isa = PBXBuildFile; fileRef = BD51C39D2864F82D00EDFBB1 /* Main.storyboard */; };
		BD51C3A12864F82E00EDFBB1 /* Assets.xcassets in Resources */ = {isa = PBXBuildFile; fileRef = BD51C3A02864F82E00EDFBB1 /* Assets.xcassets */; };
		BD51C3A42864F82E00EDFBB1 /* LaunchScreen.storyboard in Resources */ = {isa = PBXBuildFile; fileRef = BD51C3A22864F82E00EDFBB1 /* LaunchScreen.storyboard */; };
		BD51C3AC286500C100EDFBB1 /* pheobeViewController.swift in Sources */ = {isa = PBXBuildFile; fileRef = BD51C3AB286500C100EDFBB1 /* pheobeViewController.swift */; };
		BD51C3AE286507BA00EDFBB1 /* lanaViewController.swift in Sources */ = {isa = PBXBuildFile; fileRef = BD51C3AD286507BA00EDFBB1 /* lanaViewController.swift */; };
		BD51C3B028650B4400EDFBB1 /* taylorViewController.swift in Sources */ = {isa = PBXBuildFile; fileRef = BD51C3AF28650B4400EDFBB1 /* taylorViewController.swift */; };
		BD51C3B228650E2A00EDFBB1 /* lana2ViewController.swift in Sources */ = {isa = PBXBuildFile; fileRef = BD51C3B128650E2A00EDFBB1 /* lana2ViewController.swift */; };
/* End PBXBuildFile section */

/* Begin PBXFileReference section */
		BD51C3942864F82D00EDFBB1 /* guess the song.app */ = {isa = PBXFileReference; explicitFileType = wrapper.application; includeInIndex = 0; path = "guess the song.app"; sourceTree = BUILT_PRODUCTS_DIR; };
		BD51C3972864F82D00EDFBB1 /* AppDelegate.swift */ = {isa = PBXFileReference; lastKnownFileType = sourcecode.swift; path = AppDelegate.swift; sourceTree = "<group>"; };
		BD51C3992864F82D00EDFBB1 /* SceneDelegate.swift */ = {isa = PBXFileReference; lastKnownFileType = sourcecode.swift; path = SceneDelegate.swift; sourceTree = "<group>"; };
		BD51C39B2864F82D00EDFBB1 /* ViewController.swift */ = {isa = PBXFileReference; lastKnownFileType = sourcecode.swift; path = ViewController.swift; sourceTree = "<group>"; };
		BD51C39E2864F82D00EDFBB1 /* Base */ = {isa = PBXFileReference; lastKnownFileType = file.storyboard; name = Base; path = Base.lproj/Main.storyboard; sourceTree = "<group>"; };
		BD51C3A02864F82E00EDFBB1 /* Assets.xcassets */ = {isa = PBXFileReference; lastKnownFileType = folder.assetcatalog; path = Assets.xcassets; sourceTree = "<group>"; };
		BD51C3A32864F82E00EDFBB1 /* Base */ = {isa = PBXFileReference; lastKnownFileType = file.storyboard; name = Base; path = Base.lproj/LaunchScreen.storyboard; sourceTree = "<group>"; };
		BD51C3A52864F82E00EDFBB1 /* Info.plist */ = {isa = PBXFileReference; lastKnownFileType = text.plist.xml; path = Info.plist; sourceTree = "<group>"; };
		BD51C3AB286500C100EDFBB1 /* pheobeViewController.swift */ = {isa = PBXFileReference; lastKnownFileType = sourcecode.swift; path = pheobeViewController.swift; sourceTree = "<group>"; };
		BD51C3AD286507BA00EDFBB1 /* lanaViewController.swift */ = {isa = PBXFileReference; lastKnownFileType = sourcecode.swift; path = lanaViewController.swift; sourceTree = "<group>"; };
		BD51C3AF28650B4400EDFBB1 /* taylorViewController.swift */ = {isa = PBXFileReference; lastKnownFileType = sourcecode.swift; path = taylorViewController.swift; sourceTree = "<group>"; };
		BD51C3B128650E2A00EDFBB1 /* lana2ViewController.swift */ = {isa = PBXFileReference; lastKnownFileType = sourcecode.swift; path = lana2ViewController.swift; sourceTree = "<group>"; };
/* End PBXFileReference section */

/* Begin PBXFrameworksBuildPhase section */
		BD51C3912864F82D00EDFBB1 /* Frameworks */ = {
			isa = PBXFrameworksBuildPhase;
			buildActionMask = 2147483647;
			files = (
			);
			runOnlyForDeploymentPostprocessing = 0;
		};
/* End PBXFrameworksBuildPhase section */

/* Begin PBXGroup section */
		BD51C38B2864F82D00EDFBB1 = {
			isa = PBXGroup;
			children = (
				BD51C3B128650E2A00EDFBB1 /* lana2ViewController.swift */,
				BD51C3AF28650B4400EDFBB1 /* taylorViewController.swift */,
				BD51C3AD286507BA00EDFBB1 /* lanaViewController.swift */,
				BD51C3AB286500C100EDFBB1 /* pheobeViewController.swift */,
				BD51C3962864F82D00EDFBB1 /* guess the song */,
				BD51C3952864F82D00EDFBB1 /* Products */,
			);
			sourceTree = "<group>";
		};
		BD51C3952864F82D00EDFBB1 /* Products */ = {
			isa = PBXGroup;
			children = (
				BD51C3942864F82D00EDFBB1 /* guess the song.app */,
			);
			name = Products;
			sourceTree = "<group>";
		};
		BD51C3962864F82D00EDFBB1 /* guess the song */ = {
			isa = PBXGroup;
			children = (
				BD51C3972864F82D00EDFBB1 /* AppDelegate.swift */,
				BD51C3992864F82D00EDFBB1 /* SceneDelegate.swift */,
				BD51C39B2864F82D00EDFBB1 /* ViewController.swift */,
				BD51C39D2864F82D00EDFBB1 /* Main.storyboard */,
				BD51C3A02864F82E00EDFBB1 /* Assets.xcassets */,
				BD51C3A22864F82E00EDFBB1 /* LaunchScreen.storyboard */,
				BD51C3A52864F82E00EDFBB1 /* Info.plist */,
			);
			path = "guess the song";
			sourceTree = "<group>";
		};
/* End PBXGroup section */

/* Begin PBXNativeTarget section */
		BD51C3932864F82D00EDFBB1 /* guess the song */ = {
			isa = PBXNativeTarget;
			buildConfigurationList = BD51C3A82864F82E00EDFBB1 /* Build configuration list for PBXNativeTarget "guess the song" */;
			buildPhases = (
				BD51C3902864F82D00EDFBB1 /* Sources */,
				BD51C3912864F82D00EDFBB1 /* Frameworks */,
				BD51C3922864F82D00EDFBB1 /* Resources */,
			);
			buildRules = (
			);
			dependencies = (
			);
			name = "guess the song";
			productName = "guess the song";
			productReference = BD51C3942864F82D00EDFBB1 /* guess the song.app */;
			productType = "com.apple.product-type.application";
		};
/* End PBXNativeTarget section */

/* Begin PBXProject section */
		BD51C38C2864F82D00EDFBB1 /* Project object */ = {
			isa = PBXProject;
			attributes = {
				BuildIndependentTargetsInParallel = 1;
				LastSwiftUpdateCheck = 1340;
				LastUpgradeCheck = 1340;
				TargetAttributes = {
					BD51C3932864F82D00EDFBB1 = {
						CreatedOnToolsVersion = 13.4.1;
					};
				};
			};
			buildConfigurationList = BD51C38F2864F82D00EDFBB1 /* Build configuration list for PBXProject "guess the song" */;
			compatibilityVersion = "Xcode 13.0";
			developmentRegion = en;
			hasScannedForEncodings = 0;
			knownRegions = (
				en,
				Base,
			);
			mainGroup = BD51C38B2864F82D00EDFBB1;
			productRefGroup = BD51C3952864F82D00EDFBB1 /* Products */;
			projectDirPath = "";
			projectRoot = "";
			targets = (
				BD51C3932864F82D00EDFBB1 /* guess the song */,
			);
		};
/* End PBXProject section */

/* Begin PBXResourcesBuildPhase section */
		BD51C3922864F82D00EDFBB1 /* Resources */ = {
			isa = PBXResourcesBuildPhase;
			buildActionMask = 2147483647;
			files = (
				BD51C3A42864F82E00EDFBB1 /* LaunchScreen.storyboard in Resources */,
				BD51C3A12864F82E00EDFBB1 /* Assets.xcassets in Resources */,
				BD51C39F2864F82D00EDFBB1 /* Main.storyboard in Resources */,
			);
			runOnlyForDeploymentPostprocessing = 0;
		};
/* End PBXResourcesBuildPhase section */

/* Begin PBXSourcesBuildPhase section */
		BD51C3902864F82D00EDFBB1 /* Sources */ = {
			isa = PBXSourcesBuildPhase;
			buildActionMask = 2147483647;
			files = (
				BD51C39C2864F82D00EDFBB1 /* ViewController.swift in Sources */,
				BD51C3B028650B4400EDFBB1 /* taylorViewController.swift in Sources */,
				BD51C3982864F82D00EDFBB1 /* AppDelegate.swift in Sources */,
				BD51C3AE286507BA00EDFBB1 /* lanaViewController.swift in Sources */,
				BD51C3B228650E2A00EDFBB1 /* lana2ViewController.swift in Sources */,
				BD51C39A2864F82D00EDFBB1 /* SceneDelegate.swift in Sources */,
				BD51C3AC286500C100EDFBB1 /* pheobeViewController.swift in Sources */,
			);
			runOnlyForDeploymentPostprocessing = 0;
		};
/* End PBXSourcesBuildPhase section */

/* Begin PBXVariantGroup section */
		BD51C39D2864F82D00EDFBB1 /* Main.storyboard */ = {
			isa = PBXVariantGroup;
			children = (
				BD51C39E2864F82D00EDFBB1 /* Base */,
			);
			name = Main.storyboard;
			sourceTree = "<group>";
		};
		BD51C3A22864F82E00EDFBB1 /* LaunchScreen.storyboard */ = {
			isa = PBXVariantGroup;
			children = (
				BD51C3A32864F82E00EDFBB1 /* Base */,
			);
			name = LaunchScreen.storyboard;
			sourceTree = "<group>";
		};
/* End PBXVariantGroup section */

/* Begin XCBuildConfiguration section */
		BD51C3A62864F82E00EDFBB1 /* Debug */ = {
			isa = XCBuildConfiguration;
			buildSettings = {
				ALWAYS_SEARCH_USER_PATHS = NO;
				CLANG_ANALYZER_NONNULL = YES;
				CLANG_ANALYZER_NUMBER_OBJECT_CONVERSION = YES_AGGRESSIVE;
				CLANG_CXX_LANGUAGE_STANDARD = "gnu++17";
				CLANG_ENABLE_MODULES = YES;
				CLANG_ENABLE_OBJC_ARC = YES;
				CLANG_ENABLE_OBJC_WEAK = YES;
				CLANG_WARN_BLOCK_CAPTURE_AUTORELEASING = YES;
				CLANG_WARN_BOOL_CONVERSION = YES;
				CLANG_WARN_COMMA = YES;
				CLANG_WARN_CONSTANT_CONVERSION = YES;
				CLANG_WARN_DEPRECATED_OBJC_IMPLEMENTATIONS = YES;
				CLANG_WARN_DIRECT_OBJC_ISA_USAGE = YES_ERROR;
				CLANG_WARN_DOCUMENTATION_COMMENTS = YES;
				CLANG_WARN_EMPTY_BODY = YES;
				CLANG_WARN_ENUM_CONVERSION = YES;
				CLANG_WARN_INFINITE_RECURSION = YES;
				CLANG_WARN_INT_CONVERSION = YES;
				CLANG_WARN_NON_LITERAL_NULL_CONVERSION = YES;
				CLANG_WARN_OBJC_IMPLICIT_RETAIN_SELF = YES;
				CLANG_WARN_OBJC_LITERAL_CONVERSION = YES;
				CLANG_WARN_OBJC_ROOT_CLASS = YES_ERROR;
				CLANG_WARN_QUOTED_INCLUDE_IN_FRAMEWORK_HEADER = YES;
				CLANG_WARN_RANGE_LOOP_ANALYSIS = YES;
				CLANG_WARN_STRICT_PROTOTYPES = YES;
				CLANG_WARN_SUSPICIOUS_MOVE = YES;
				CLANG_WARN_UNGUARDED_AVAILABILITY = YES_AGGRESSIVE;
				CLANG_WARN_UNREACHABLE_CODE = YES;
				CLANG_WARN__DUPLICATE_METHOD_MATCH = YES;
				COPY_PHASE_STRIP = NO;
				DEBUG_INFORMATION_FORMAT = dwarf;
				ENABLE_STRICT_OBJC_MSGSEND = YES;
				ENABLE_TESTABILITY = YES;
				GCC_C_LANGUAGE_STANDARD = gnu11;
				GCC_DYNAMIC_NO_PIC = NO;
				GCC_NO_COMMON_BLOCKS = YES;
				GCC_OPTIMIZATION_LEVEL = 0;
				GCC_PREPROCESSOR_DEFINITIONS = (
					"DEBUG=1",
					"$(inherited)",
				);
				GCC_WARN_64_TO_32_BIT_CONVERSION = YES;
				GCC_WARN_ABOUT_RETURN_TYPE = YES_ERROR;
				GCC_WARN_UNDECLARED_SELECTOR = YES;
				GCC_WARN_UNINITIALIZED_AUTOS = YES_AGGRESSIVE;
				GCC_WARN_UNUSED_FUNCTION = YES;
				GCC_WARN_UNUSED_VARIABLE = YES;
				IPHONEOS_DEPLOYMENT_TARGET = 15.5;
				MTL_ENABLE_DEBUG_INFO = INCLUDE_SOURCE;
				MTL_FAST_MATH = YES;
				ONLY_ACTIVE_ARCH = YES;
				SDKROOT = iphoneos;
				SWIFT_ACTIVE_COMPILATION_CONDITIONS = DEBUG;
				SWIFT_OPTIMIZATION_LEVEL = "-Onone";
			};
			name = Debug;
		};
		BD51C3A72864F82E00EDFBB1 /* Release */ = {
			isa = XCBuildConfiguration;
			buildSettings = {
				ALWAYS_SEARCH_USER_PATHS = NO;
				CLANG_ANALYZER_NONNULL = YES;
				CLANG_ANALYZER_NUMBER_OBJECT_CONVERSION = YES_AGGRESSIVE;
				CLANG_CXX_LANGUAGE_STANDARD = "gnu++17";
				CLANG_ENABLE_MODULES = YES;
				CLANG_ENABLE_OBJC_ARC = YES;
				CLANG_ENABLE_OBJC_WEAK = YES;
				CLANG_WARN_BLOCK_CAPTURE_AUTORELEASING = YES;
				CLANG_WARN_BOOL_CONVERSION = YES;
				CLANG_WARN_COMMA = YES;
				CLANG_WARN_CONSTANT_CONVERSION = YES;
				CLANG_WARN_DEPRECATED_OBJC_IMPLEMENTATIONS = YES;
				CLANG_WARN_DIRECT_OBJC_ISA_USAGE = YES_ERROR;
				CLANG_WARN_DOCUMENTATION_COMMENTS = YES;
				CLANG_WARN_EMPTY_BODY = YES;
				CLANG_WARN_ENUM_CONVERSION = YES;
				CLANG_WARN_INFINITE_RECURSION = YES;
				CLANG_WARN_INT_CONVERSION = YES;
				CLANG_WARN_NON_LITERAL_NULL_CONVERSION = YES;
				CLANG_WARN_OBJC_IMPLICIT_RETAIN_SELF = YES;
				CLANG_WARN_OBJC_LITERAL_CONVERSION = YES;
				CLANG_WARN_OBJC_ROOT_CLASS = YES_ERROR;
				CLANG_WARN_QUOTED_INCLUDE_IN_FRAMEWORK_HEADER = YES;
				CLANG_WARN_RANGE_LOOP_ANALYSIS = YES;
				CLANG_WARN_STRICT_PROTOTYPES = YES;
				CLANG_WARN_SUSPICIOUS_MOVE = YES;
				CLANG_WARN_UNGUARDED_AVAILABILITY = YES_AGGRESSIVE;
				CLANG_WARN_UNREACHABLE_CODE = YES;
				CLANG_WARN__DUPLICATE_METHOD_MATCH = YES;
				COPY_PHASE_STRIP = NO;
				DEBUG_INFORMATION_FORMAT = "dwarf-with-dsym";
				ENABLE_NS_ASSERTIONS = NO;
				ENABLE_STRICT_OBJC_MSGSEND = YES;
				GCC_C_LANGUAGE_STANDARD = gnu11;
				GCC_NO_COMMON_BLOCKS = YES;
				GCC_WARN_64_TO_32_BIT_CONVERSION = YES;
				GCC_WARN_ABOUT_RETURN_TYPE = YES_ERROR;
				GCC_WARN_UNDECLARED_SELECTOR = YES;
				GCC_WARN_UNINITIALIZED_AUTOS = YES_AGGRESSIVE;
				GCC_WARN_UNUSED_FUNCTION = YES;
				GCC_WARN_UNUSED_VARIABLE = YES;
				IPHONEOS_DEPLOYMENT_TARGET = 15.5;
				MTL_ENABLE_DEBUG_INFO = NO;
				MTL_FAST_MATH = YES;
				SDKROOT = iphoneos;
				SWIFT_COMPILATION_MODE = wholemodule;
				SWIFT_OPTIMIZATION_LEVEL = "-O";
				VALIDATE_PRODUCT = YES;
			};
			name = Release;
		};
		BD51C3A92864F82E00EDFBB1 /* Debug */ = {
			isa = XCBuildConfiguration;
			buildSettings = {
				ASSETCATALOG_COMPILER_APPICON_NAME = AppIcon;
				ASSETCATALOG_COMPILER_GLOBAL_ACCENT_COLOR_NAME = AccentColor;
				CODE_SIGN_STYLE = Automatic;
				CURRENT_PROJECT_VERSION = 1;
				DEVELOPMENT_TEAM = C87L54QCVL;
				GENERATE_INFOPLIST_FILE = YES;
				INFOPLIST_FILE = "guess the song/Info.plist";
				INFOPLIST_KEY_UIApplicationSupportsIndirectInputEvents = YES;
				INFOPLIST_KEY_UILaunchStoryboardName = LaunchScreen;
				INFOPLIST_KEY_UIMainStoryboardFile = Main;
				INFOPLIST_KEY_UISupportedInterfaceOrientations_iPad = "UIInterfaceOrientationPortrait UIInterfaceOrientationPortraitUpsideDown UIInterfaceOrientationLandscapeLeft UIInterfaceOrientationLandscapeRight";
				INFOPLIST_KEY_UISupportedInterfaceOrientations_iPhone = "UIInterfaceOrientationPortrait UIInterfaceOrientationLandscapeLeft UIInterfaceOrientationLandscapeRight";
				LD_RUNPATH_SEARCH_PATHS = (
					"$(inherited)",
					"@executable_path/Frameworks",
				);
				MARKETING_VERSION = 1.0;
				PRODUCT_BUNDLE_IDENTIFIER = "Kode-with-Klossy.guess-the-song";
				PRODUCT_NAME = "$(TARGET_NAME)";
				SWIFT_EMIT_LOC_STRINGS = YES;
				SWIFT_VERSION = 5.0;
				TARGETED_DEVICE_FAMILY = "1,2";
			};
			name = Debug;
		};
		BD51C3AA2864F82E00EDFBB1 /* Release */ = {
			isa = XCBuildConfiguration;
			buildSettings = {
				ASSETCATALOG_COMPILER_APPICON_NAME = AppIcon;
				ASSETCATALOG_COMPILER_GLOBAL_ACCENT_COLOR_NAME = AccentColor;
				CODE_SIGN_STYLE = Automatic;
				CURRENT_PROJECT_VERSION = 1;
				DEVELOPMENT_TEAM = C87L54QCVL;
				GENERATE_INFOPLIST_FILE = YES;
				INFOPLIST_FILE = "guess the song/Info.plist";
				INFOPLIST_KEY_UIApplicationSupportsIndirectInputEvents = YES;
				INFOPLIST_KEY_UILaunchStoryboardName = LaunchScreen;
				INFOPLIST_KEY_UIMainStoryboardFile = Main;
				INFOPLIST_KEY_UISupportedInterfaceOrientations_iPad = "UIInterfaceOrientationPortrait UIInterfaceOrientationPortraitUpsideDown UIInterfaceOrientationLandscapeLeft UIInterfaceOrientationLandscapeRight";
				INFOPLIST_KEY_UISupportedInterfaceOrientations_iPhone = "UIInterfaceOrientationPortrait UIInterfaceOrientationLandscapeLeft UIInterfaceOrientationLandscapeRight";
				LD_RUNPATH_SEARCH_PATHS = (
					"$(inherited)",
					"@executable_path/Frameworks",
				);
				MARKETING_VERSION = 1.0;
				PRODUCT_BUNDLE_IDENTIFIER = "Kode-with-Klossy.guess-the-song";
				PRODUCT_NAME = "$(TARGET_NAME)";
				SWIFT_EMIT_LOC_STRINGS = YES;
				SWIFT_VERSION = 5.0;
				TARGETED_DEVICE_FAMILY = "1,2";
			};
			name = Release;
		};
/* End XCBuildConfiguration section */

/* Begin XCConfigurationList section */
		BD51C38F2864F82D00EDFBB1 /* Build configuration list for PBXProject "guess the song" */ = {
			isa = XCConfigurationList;
			buildConfigurations = (
				BD51C3A62864F82E00EDFBB1 /* Debug */,
				BD51C3A72864F82E00EDFBB1 /* Release */,
			);
			defaultConfigurationIsVisible = 0;
			defaultConfigurationName = Release;
		};
		BD51C3A82864F82E00EDFBB1 /* Build configuration list for PBXNativeTarget "guess the song" */ = {
			isa = XCConfigurationList;
			buildConfigurations = (
				BD51C3A92864F82E00EDFBB1 /* Debug */,
				BD51C3AA2864F82E00EDFBB1 /* Release */,
			);
			defaultConfigurationIsVisible = 0;
			defaultConfigurationName = Release;
		};
/* End XCConfigurationList section */
	};
	rootObject = BD51C38C2864F82D00EDFBB1 /* Project object */;
}
